// !$*UTF8*$!
{
	archiveVersion = 1;
	classes = {
	};
	objectVersion = 50;
	objects = {

/* Begin PBXBuildFile section */
		BBB5F285215F689B0082785F /* AppDelegate.swift in Sources */ = {isa = PBXBuildFile; fileRef = BBB5F284215F689B0082785F /* AppDelegate.swift */; };
		BBB5F287215F689B0082785F /* ViewController.swift in Sources */ = {isa = PBXBuildFile; fileRef = BBB5F286215F689B0082785F /* ViewController.swift */; };
		BBB5F28A215F689B0082785F /* Main.storyboard in Resources */ = {isa = PBXBuildFile; fileRef = BBB5F288215F689B0082785F /* Main.storyboard */; };
		BBB5F28C215F689E0082785F /* Assets.xcassets in Resources */ = {isa = PBXBuildFile; fileRef = BBB5F28B215F689E0082785F /* Assets.xcassets */; };
		BBB5F28F215F689E0082785F /* LaunchScreen.storyboard in Resources */ = {isa = PBXBuildFile; fileRef = BBB5F28D215F689E0082785F /* LaunchScreen.storyboard */; };
		BBB5F299215F6A450082785F /* fredrik-ohlander-401637-unsplash.jpg in Resources */ = {isa = PBXBuildFile; fileRef = BBB5F298215F6A450082785F /* fredrik-ohlander-401637-unsplash.jpg */; };
		BBB5F29D215F6EC50082785F /* baseline_remove_circle_black_48pt_3x.png in Resources */ = {isa = PBXBuildFile; fileRef = BBB5F29A215F6EC40082785F /* baseline_remove_circle_black_48pt_3x.png */; };
		BBB5F29E215F6EC50082785F /* baseline_remove_circle_black_48pt_2x.png in Resources */ = {isa = PBXBuildFile; fileRef = BBB5F29B215F6EC40082785F /* baseline_remove_circle_black_48pt_2x.png */; };
		BBB5F29F215F6EC50082785F /* baseline_remove_circle_black_48pt_1x.png in Resources */ = {isa = PBXBuildFile; fileRef = BBB5F29C215F6EC50082785F /* baseline_remove_circle_black_48pt_1x.png */; };
		BBB5F2A9215F701C0082785F /* baseline_add_circle_black_48pt_1x.png in Resources */ = {isa = PBXBuildFile; fileRef = BBB5F2A6215F701C0082785F /* baseline_add_circle_black_48pt_1x.png */; };
		BBB5F2AA215F701C0082785F /* baseline_add_circle_black_48pt_2x.png in Resources */ = {isa = PBXBuildFile; fileRef = BBB5F2A7215F701C0082785F /* baseline_add_circle_black_48pt_2x.png */; };
		BBB5F2AB215F701C0082785F /* baseline_add_circle_black_48pt_3x.png in Resources */ = {isa = PBXBuildFile; fileRef = BBB5F2A8215F701C0082785F /* baseline_add_circle_black_48pt_3x.png */; };
		BBB5F2AD215F70830082785F /* karolina-szczur-521447-unsplash.jpg in Resources */ = {isa = PBXBuildFile; fileRef = BBB5F2AC215F70830082785F /* karolina-szczur-521447-unsplash.jpg */; };
/* End PBXBuildFile section */

/* Begin PBXFileReference section */
		BBB5F281215F689B0082785F /* EasyNumber.app */ = {isa = PBXFileReference; explicitFileType = wrapper.application; includeInIndex = 0; path = EasyNumber.app; sourceTree = BUILT_PRODUCTS_DIR; };
		BBB5F284215F689B0082785F /* AppDelegate.swift */ = {isa = PBXFileReference; lastKnownFileType = sourcecode.swift; path = AppDelegate.swift; sourceTree = "<group>"; };
		BBB5F286215F689B0082785F /* ViewController.swift */ = {isa = PBXFileReference; lastKnownFileType = sourcecode.swift; path = ViewController.swift; sourceTree = "<group>"; };
		BBB5F289215F689B0082785F /* Base */ = {isa = PBXFileReference; lastKnownFileType = file.storyboard; name = Base; path = Base.lproj/Main.storyboard; sourceTree = "<group>"; };
		BBB5F28B215F689E0082785F /* Assets.xcassets */ = {isa = PBXFileReference; lastKnownFileType = folder.assetcatalog; path = Assets.xcassets; sourceTree = "<group>"; };
		BBB5F28E215F689E0082785F /* Base */ = {isa = PBXFileReference; lastKnownFileType = file.storyboard; name = Base; path = Base.lproj/LaunchScreen.storyboard; sourceTree = "<group>"; };
		BBB5F290215F689E0082785F /* Info.plist */ = {isa = PBXFileReference; lastKnownFileType = text.plist.xml; path = Info.plist; sourceTree = "<group>"; };
		BBB5F298215F6A450082785F /* fredrik-ohlander-401637-unsplash.jpg */ = {isa = PBXFileReference; lastKnownFileType = image.jpeg; path = "fredrik-ohlander-401637-unsplash.jpg"; sourceTree = "<group>"; };
		BBB5F29A215F6EC40082785F /* baseline_remove_circle_black_48pt_3x.png */ = {isa = PBXFileReference; lastKnownFileType = image.png; path = baseline_remove_circle_black_48pt_3x.png; sourceTree = "<group>"; };
		BBB5F29B215F6EC40082785F /* baseline_remove_circle_black_48pt_2x.png */ = {isa = PBXFileReference; lastKnownFileType = image.png; path = baseline_remove_circle_black_48pt_2x.png; sourceTree = "<group>"; };
		BBB5F29C215F6EC50082785F /* baseline_remove_circle_black_48pt_1x.png */ = {isa = PBXFileReference; lastKnownFileType = image.png; path = baseline_remove_circle_black_48pt_1x.png; sourceTree = "<group>"; };
		BBB5F2A6215F701C0082785F /* baseline_add_circle_black_48pt_1x.png */ = {isa = PBXFileReference; lastKnownFileType = image.png; path = baseline_add_circle_black_48pt_1x.png; sourceTree = "<group>"; };
		BBB5F2A7215F701C0082785F /* baseline_add_circle_black_48pt_2x.png */ = {isa = PBXFileReference; lastKnownFileType = image.png; path = baseline_add_circle_black_48pt_2x.png; sourceTree = "<group>"; };
		BBB5F2A8215F701C0082785F /* baseline_add_circle_black_48pt_3x.png */ = {isa = PBXFileReference; lastKnownFileType = image.png; path = baseline_add_circle_black_48pt_3x.png; sourceTree = "<group>"; };
		BBB5F2AC215F70830082785F /* karolina-szczur-521447-unsplash.jpg */ = {isa = PBXFileReference; lastKnownFileType = image.jpeg; path = "karolina-szczur-521447-unsplash.jpg"; sourceTree = "<group>"; };
/* End PBXFileReference section */

/* Begin PBXFrameworksBuildPhase section */
		BBB5F27E215F689B0082785F /* Frameworks */ = {
			isa = PBXFrameworksBuildPhase;
			buildActionMask = 2147483647;
			files = (
			);
			runOnlyForDeploymentPostprocessing = 0;
		};
/* End PBXFrameworksBuildPhase section */

/* Begin PBXGroup section */
		BBB5F278215F689B0082785F = {
			isa = PBXGroup;
			children = (
				BBB5F283215F689B0082785F /* EasyNumber */,
				BBB5F282215F689B0082785F /* Products */,
			);
			sourceTree = "<group>";
		};
		BBB5F282215F689B0082785F /* Products */ = {
			isa = PBXGroup;
			children = (
				BBB5F281215F689B0082785F /* EasyNumber.app */,
			);
			name = Products;
			sourceTree = "<group>";
		};
		BBB5F283215F689B0082785F /* EasyNumber */ = {
			isa = PBXGroup;
			children = (
				BBB5F2AC215F70830082785F /* karolina-szczur-521447-unsplash.jpg */,
				BBB5F2A6215F701C0082785F /* baseline_add_circle_black_48pt_1x.png */,
				BBB5F2A7215F701C0082785F /* baseline_add_circle_black_48pt_2x.png */,
				BBB5F2A8215F701C0082785F /* baseline_add_circle_black_48pt_3x.png */,
				BBB5F298215F6A450082785F /* fredrik-ohlander-401637-unsplash.jpg */,
				BBB5F29C215F6EC50082785F /* baseline_remove_circle_black_48pt_1x.png */,
				BBB5F29B215F6EC40082785F /* baseline_remove_circle_black_48pt_2x.png */,
				BBB5F29A215F6EC40082785F /* baseline_remove_circle_black_48pt_3x.png */,
				BBB5F284215F689B0082785F /* AppDelegate.swift */,
				BBB5F286215F689B0082785F /* ViewController.swift */,
				BBB5F288215F689B0082785F /* Main.storyboard */,
				BBB5F28B215F689E0082785F /* Assets.xcassets */,
				BBB5F28D215F689E0082785F /* LaunchScreen.storyboard */,
				BBB5F290215F689E0082785F /* Info.plist */,
			);
			path = EasyNumber;
			sourceTree = "<group>";
		};
/* End PBXGroup section */

/* Begin PBXNativeTarget section */
		BBB5F280215F689B0082785F /* EasyNumber */ = {
			isa = PBXNativeTarget;
			buildConfigurationList = BBB5F293215F689E0082785F /* Build configuration list for PBXNativeTarget "EasyNumber" */;
			buildPhases = (
				BBB5F27D215F689B0082785F /* Sources */,
				BBB5F27E215F689B0082785F /* Frameworks */,
				BBB5F27F215F689B0082785F /* Resources */,
			);
			buildRules = (
			);
			dependencies = (
			);
			name = EasyNumber;
			productName = EasyNumber;
			productReference = BBB5F281215F689B0082785F /* EasyNumber.app */;
			productType = "com.apple.product-type.application";
		};
/* End PBXNativeTarget section */

/* Begin PBXProject section */
		BBB5F279215F689B0082785F /* Project object */ = {
			isa = PBXProject;
			attributes = {
				LastSwiftUpdateCheck = 1000;
				LastUpgradeCheck = 1000;
				ORGANIZATIONNAME = "Jompol Suwanchan";
				TargetAttributes = {
					BBB5F280215F689B0082785F = {
						CreatedOnToolsVersion = 10.0;
					};
				};
			};
			buildConfigurationList = BBB5F27C215F689B0082785F /* Build configuration list for PBXProject "EasyNumber" */;
			compatibilityVersion = "Xcode 9.3";
			developmentRegion = en;
			hasScannedForEncodings = 0;
			knownRegions = (
				en,
				Base,
			);
			mainGroup = BBB5F278215F689B0082785F;
			productRefGroup = BBB5F282215F689B0082785F /* Products */;
			projectDirPath = "";
			projectRoot = "";
			targets = (
				BBB5F280215F689B0082785F /* EasyNumber */,
			);
		};
/* End PBXProject section */

/* Begin PBXResourcesBuildPhase section */
		BBB5F27F215F689B0082785F /* Resources */ = {
			isa = PBXResourcesBuildPhase;
			buildActionMask = 2147483647;
			files = (
				BBB5F29F215F6EC50082785F /* baseline_remove_circle_black_48pt_1x.png in Resources */,
				BBB5F28F215F689E0082785F /* LaunchScreen.storyboard in Resources */,
				BBB5F29D215F6EC50082785F /* baseline_remove_circle_black_48pt_3x.png in Resources */,
				BBB5F2AB215F701C0082785F /* baseline_add_circle_black_48pt_3x.png in Resources */,
				BBB5F2AA215F701C0082785F /* baseline_add_circle_black_48pt_2x.png in Resources */,
				BBB5F28C215F689E0082785F /* Assets.xcassets in Resources */,
				BBB5F2AD215F70830082785F /* karolina-szczur-521447-unsplash.jpg in Resources */,
				BBB5F28A215F689B0082785F /* Main.storyboard in Resources */,
				BBB5F29E215F6EC50082785F /* baseline_remove_circle_black_48pt_2x.png in Resources */,
				BBB5F299215F6A450082785F /* fredrik-ohlander-401637-unsplash.jpg in Resources */,
				BBB5F2A9215F701C0082785F /* baseline_add_circle_black_48pt_1x.png in Resources */,
			);
			runOnlyForDeploymentPostprocessing = 0;
		};
/* End PBXResourcesBuildPhase section */

/* Begin PBXSourcesBuildPhase section */
		BBB5F27D215F689B0082785F /* Sources */ = {
			isa = PBXSourcesBuildPhase;
			buildActionMask = 2147483647;
			files = (
				BBB5F287215F689B0082785F /* ViewController.swift in Sources */,
				BBB5F285215F689B0082785F /* AppDelegate.swift in Sources */,
			);
			runOnlyForDeploymentPostprocessing = 0;
		};
/* End PBXSourcesBuildPhase section */

/* Begin PBXVariantGroup section */
		BBB5F288215F689B0082785F /* Main.storyboard */ = {
			isa = PBXVariantGroup;
			children = (
				BBB5F289215F689B0082785F /* Base */,
			);
			name = Main.storyboard;
			sourceTree = "<group>";
		};
		BBB5F28D215F689E0082785F /* LaunchScreen.storyboard */ = {
			isa = PBXVariantGroup;
			children = (
				BBB5F28E215F689E0082785F /* Base */,
			);
			name = LaunchScreen.storyboard;
			sourceTree = "<group>";
		};
/* End PBXVariantGroup section */

/* Begin XCBuildConfiguration section */
		BBB5F291215F689E0082785F /* Debug */ = {
			isa = XCBuildConfiguration;
			buildSettings = {
				ALWAYS_SEARCH_USER_PATHS = NO;
				CLANG_ANALYZER_NONNULL = YES;
				CLANG_ANALYZER_NUMBER_OBJECT_CONVERSION = YES_AGGRESSIVE;
				CLANG_CXX_LANGUAGE_STANDARD = "gnu++14";
				CLANG_CXX_LIBRARY = "libc++";
				CLANG_ENABLE_MODULES = YES;
				CLANG_ENABLE_OBJC_ARC = YES;
				CLANG_ENABLE_OBJC_WEAK = YES;
				CLANG_WARN_BLOCK_CAPTURE_AUTORELEASING = YES;
				CLANG_WARN_BOOL_CONVERSION = YES;
				CLANG_WARN_COMMA = YES;
				CLANG_WARN_CONSTANT_CONVERSION = YES;
				CLANG_WARN_DEPRECATED_OBJC_IMPLEMENTATIONS = YES;
				CLANG_WARN_DIRECT_OBJC_ISA_USAGE = YES_ERROR;
				CLANG_WARN_DOCUMENTATION_COMMENTS = YES;
				CLANG_WARN_EMPTY_BODY = YES;
				CLANG_WARN_ENUM_CONVERSION = YES;
				CLANG_WARN_INFINITE_RECURSION = YES;
				CLANG_WARN_INT_CONVERSION = YES;
				CLANG_WARN_NON_LITERAL_NULL_CONVERSION = YES;
				CLANG_WARN_OBJC_IMPLICIT_RETAIN_SELF = YES;
				CLANG_WARN_OBJC_LITERAL_CONVERSION = YES;
				CLANG_WARN_OBJC_ROOT_CLASS = YES_ERROR;
				CLANG_WARN_RANGE_LOOP_ANALYSIS = YES;
				CLANG_WARN_STRICT_PROTOTYPES = YES;
				CLANG_WARN_SUSPICIOUS_MOVE = YES;
				CLANG_WARN_UNGUARDED_AVAILABILITY = YES_AGGRESSIVE;
				CLANG_WARN_UNREACHABLE_CODE = YES;
				CLANG_WARN__DUPLICATE_METHOD_MATCH = YES;
				CODE_SIGN_IDENTITY = "iPhone Developer";
				COPY_PHASE_STRIP = NO;
				DEBUG_INFORMATION_FORMAT = dwarf;
				ENABLE_STRICT_OBJC_MSGSEND = YES;
				ENABLE_TESTABILITY = YES;
				GCC_C_LANGUAGE_STANDARD = gnu11;
				GCC_DYNAMIC_NO_PIC = NO;
				GCC_NO_COMMON_BLOCKS = YES;
				GCC_OPTIMIZATION_LEVEL = 0;
				GCC_PREPROCESSOR_DEFINITIONS = (
					"DEBUG=1",
					"$(inherited)",
				);
				GCC_WARN_64_TO_32_BIT_CONVERSION = YES;
				GCC_WARN_ABOUT_RETURN_TYPE = YES_ERROR;
				GCC_WARN_UNDECLARED_SELECTOR = YES;
				GCC_WARN_UNINITIALIZED_AUTOS = YES_AGGRESSIVE;
				GCC_WARN_UNUSED_FUNCTION = YES;
				GCC_WARN_UNUSED_VARIABLE = YES;
				IPHONEOS_DEPLOYMENT_TARGET = 12.0;
				MTL_ENABLE_DEBUG_INFO = INCLUDE_SOURCE;
				MTL_FAST_MATH = YES;
				ONLY_ACTIVE_ARCH = YES;
				SDKROOT = iphoneos;
				SWIFT_ACTIVE_COMPILATION_CONDITIONS = DEBUG;
				SWIFT_OPTIMIZATION_LEVEL = "-Onone";
			};
			name = Debug;
		};
		BBB5F292215F689E0082785F /* Release */ = {
			isa = XCBuildConfiguration;
			buildSettings = {
				ALWAYS_SEARCH_USER_PATHS = NO;
				CLANG_ANALYZER_NONNULL = YES;
				CLANG_ANALYZER_NUMBER_OBJECT_CONVERSION = YES_AGGRESSIVE;
				CLANG_CXX_LANGUAGE_STANDARD = "gnu++14";
				CLANG_CXX_LIBRARY = "libc++";
				CLANG_ENABLE_MODULES = YES;
				CLANG_ENABLE_OBJC_ARC = YES;
				CLANG_ENABLE_OBJC_WEAK = YES;
				CLANG_WARN_BLOCK_CAPTURE_AUTORELEASING = YES;
				CLANG_WARN_BOOL_CONVERSION = YES;
				CLANG_WARN_COMMA = YES;
				CLANG_WARN_CONSTANT_CONVERSION = YES;
				CLANG_WARN_DEPRECATED_OBJC_IMPLEMENTATIONS = YES;
				CLANG_WARN_DIRECT_OBJC_ISA_USAGE = YES_ERROR;
				CLANG_WARN_DOCUMENTATION_COMMENTS = YES;
				CLANG_WARN_EMPTY_BODY = YES;
				CLANG_WARN_ENUM_CONVERSION = YES;
				CLANG_WARN_INFINITE_RECURSION = YES;
				CLANG_WARN_INT_CONVERSION = YES;
				CLANG_WARN_NON_LITERAL_NULL_CONVERSION = YES;
				CLANG_WARN_OBJC_IMPLICIT_RETAIN_SELF = YES;
				CLANG_WARN_OBJC_LITERAL_CONVERSION = YES;
				CLANG_WARN_OBJC_ROOT_CLASS = YES_ERROR;
				CLANG_WARN_RANGE_LOOP_ANALYSIS = YES;
				CLANG_WARN_STRICT_PROTOTYPES = YES;
				CLANG_WARN_SUSPICIOUS_MOVE = YES;
				CLANG_WARN_UNGUARDED_AVAILABILITY = YES_AGGRESSIVE;
				CLANG_WARN_UNREACHABLE_CODE = YES;
				CLANG_WARN__DUPLICATE_METHOD_MATCH = YES;
				CODE_SIGN_IDENTITY = "iPhone Developer";
				COPY_PHASE_STRIP = NO;
				DEBUG_INFORMATION_FORMAT = "dwarf-with-dsym";
				ENABLE_NS_ASSERTIONS = NO;
				ENABLE_STRICT_OBJC_MSGSEND = YES;
				GCC_C_LANGUAGE_STANDARD = gnu11;
				GCC_NO_COMMON_BLOCKS = YES;
				GCC_WARN_64_TO_32_BIT_CONVERSION = YES;
				GCC_WARN_ABOUT_RETURN_TYPE = YES_ERROR;
				GCC_WARN_UNDECLARED_SELECTOR = YES;
				GCC_WARN_UNINITIALIZED_AUTOS = YES_AGGRESSIVE;
				GCC_WARN_UNUSED_FUNCTION = YES;
				GCC_WARN_UNUSED_VARIABLE = YES;
				IPHONEOS_DEPLOYMENT_TARGET = 12.0;
				MTL_ENABLE_DEBUG_INFO = NO;
				MTL_FAST_MATH = YES;
				SDKROOT = iphoneos;
				SWIFT_COMPILATION_MODE = wholemodule;
				SWIFT_OPTIMIZATION_LEVEL = "-O";
				VALIDATE_PRODUCT = YES;
			};
			name = Release;
		};
		BBB5F294215F689E0082785F /* Debug */ = {
			isa = XCBuildConfiguration;
			buildSettings = {
				ASSETCATALOG_COMPILER_APPICON_NAME = AppIcon;
				CODE_SIGN_STYLE = Automatic;
				INFOPLIST_FILE = EasyNumber/Info.plist;
				LD_RUNPATH_SEARCH_PATHS = (
					"$(inherited)",
					"@executable_path/Frameworks",
				);
				PRODUCT_BUNDLE_IDENTIFIER = digitalbutler.co.th.EasyNumber;
				PRODUCT_NAME = "$(TARGET_NAME)";
				SWIFT_VERSION = 4.2;
				TARGETED_DEVICE_FAMILY = "1,2";
			};
			name = Debug;
		};
		BBB5F295215F689E0082785F /* Release */ = {
			isa = XCBuildConfiguration;
			buildSettings = {
				ASSETCATALOG_COMPILER_APPICON_NAME = AppIcon;
				CODE_SIGN_STYLE = Automatic;
				INFOPLIST_FILE = EasyNumber/Info.plist;
				LD_RUNPATH_SEARCH_PATHS = (
					"$(inherited)",
					"@executable_path/Frameworks",
				);
				PRODUCT_BUNDLE_IDENTIFIER = digitalbutler.co.th.EasyNumber;
				PRODUCT_NAME = "$(TARGET_NAME)";
				SWIFT_VERSION = 4.2;
				TARGETED_DEVICE_FAMILY = "1,2";
			};
			name = Release;
		};
/* End XCBuildConfiguration section */

/* Begin XCConfigurationList section */
		BBB5F27C215F689B0082785F /* Build configuration list for PBXProject "EasyNumber" */ = {
			isa = XCConfigurationList;
			buildConfigurations = (
				BBB5F291215F689E0082785F /* Debug */,
				BBB5F292215F689E0082785F /* Release */,
			);
			defaultConfigurationIsVisible = 0;
			defaultConfigurationName = Release;
		};
		BBB5F293215F689E0082785F /* Build configuration list for PBXNativeTarget "EasyNumber" */ = {
			isa = XCConfigurationList;
			buildConfigurations = (
				BBB5F294215F689E0082785F /* Debug */,
				BBB5F295215F689E0082785F /* Release */,
			);
			defaultConfigurationIsVisible = 0;
			defaultConfigurationName = Release;
		};
/* End XCConfigurationList section */
	};
	rootObject = BBB5F279215F689B0082785F /* Project object */;
}
